
Microsoft Visual Studio Solution File, Format Version 12.00
# Visual Studio Version 16
VisualStudioVersion = 16.0.31410.357
MinimumVisualStudioVersion = 10.0.40219.1
Project("{FAE04EC0-301F-11D3-BF4B-00C04F79EFBC}") = "clock.Android", "clock.Android\clock.Android.csproj", "{4E2B018D-5674-48BF-9ED7-1604AF40806F}"
EndProject
Project("{FAE04EC0-301F-11D3-BF4B-00C04F79EFBC}") = "clock", "clock\clock.csproj", "{C288D1DF-09DE-45F1-A126-313C821B25A0}"
EndProject
Global
	GlobalSection(SolutionConfigurationPlatforms) = preSolution
		Debug|Any CPU = Debug|Any CPU
		Release|Any CPU = Release|Any CPU
	EndGlobalSection
	GlobalSection(ProjectConfigurationPlatforms) = postSolution
		{4E2B018D-5674-48BF-9ED7-1604AF40806F}.Debug|Any CPU.ActiveCfg = Debug|Any CPU
		{4E2B018D-5674-48BF-9ED7-1604AF40806F}.Debug|Any CPU.Build.0 = Debug|Any CPU
		{4E2B018D-5674-48BF-9ED7-1604AF40806F}.Debug|Any CPU.Deploy.0 = Debug|Any CPU
		{4E2B018D-5674-48BF-9ED7-1604AF40806F}.Release|Any CPU.ActiveCfg = Release|Any CPU
		{4E2B018D-5674-48BF-9ED7-1604AF40806F}.Release|Any CPU.Build.0 = Release|Any CPU
		{4E2B018D-5674-48BF-9ED7-1604AF40806F}.Release|Any CPU.Deploy.0 = Release|Any CPU
		{C288D1DF-09DE-45F1-A126-313C821B25A0}.Debug|Any CPU.ActiveCfg = Debug|Any CPU
		{C288D1DF-09DE-45F1-A126-313C821B25A0}.Debug|Any CPU.Build.0 = Debug|Any CPU
		{C288D1DF-09DE-45F1-A126-313C821B25A0}.Debug|Any CPU.Deploy.0 = Debug|Any CPU
		{C288D1DF-09DE-45F1-A126-313C821B25A0}.Release|Any CPU.ActiveCfg = Release|Any CPU
		{C288D1DF-09DE-45F1-A126-313C821B25A0}.Release|Any CPU.Build.0 = Release|Any CPU
		{C288D1DF-09DE-45F1-A126-313C821B25A0}.Release|Any CPU.Deploy.0 = Release|Any CPU
	EndGlobalSection
	GlobalSection(SolutionProperties) = preSolution
		HideSolutionNode = FALSE
	EndGlobalSection
	GlobalSection(ExtensibilityGlobals) = postSolution
		SolutionGuid = {C27F31EA-D2A6-47F2-9643-3B3A87550C9C}
	EndGlobalSection
EndGlobal
